
Microsoft Visual Studio Solution File, Format Version 12.00
# Visual Studio 15
VisualStudioVersion = 15.0.27703.2000
MinimumVisualStudioVersion = 10.0.40219.1
Project("{FAE04EC0-301F-11D3-BF4B-00C04F79EFBC}") = "rm", "rm\rm.csproj", "{2B38CE24-278A-442C-8967-7A9C69179F6F}"
EndProject
Global
	GlobalSection(SolutionConfigurationPlatforms) = preSolution
		Debug|Any CPU = Debug|Any CPU
		Release|Any CPU = Release|Any CPU
	EndGlobalSection
	GlobalSection(ProjectConfigurationPlatforms) = postSolution
		{2B38CE24-278A-442C-8967-7A9C69179F6F}.Debug|Any CPU.ActiveCfg = Debug|Any CPU
		{2B38CE24-278A-442C-8967-7A9C69179F6F}.Debug|Any CPU.Build.0 = Debug|Any CPU
		{2B38CE24-278A-442C-8967-7A9C69179F6F}.Release|Any CPU.ActiveCfg = Release|Any CPU
		{2B38CE24-278A-442C-8967-7A9C69179F6F}.Release|Any CPU.Build.0 = Release|Any CPU
	EndGlobalSection
	GlobalSection(SolutionProperties) = preSolution
		HideSolutionNode = FALSE
	EndGlobalSection
	GlobalSection(ExtensibilityGlobals) = postSolution
		SolutionGuid = {5F905A61-7AFE-4D40-BBC1-1C2BBA9EDE0B}
	EndGlobalSection
EndGlobal
